{
  "lockfileVersion": 1,
  "configVersion": 1,
  "workspaces": {
    "": {
      "devDependencies": {
        "daisyui": "^5.5.18",
      },
    },
  },
  "packages": {
    "daisyui": ["daisyui@5.5.18", "", {}, "sha512-VVzjpOitMGB6DWIBeRSapbjdOevFqyzpk9u5Um6a4tyId3JFrU5pbtF0vgjXDth76mJZbueN/j9Ok03SPrh/og=="],
  }
}
